
Microsoft Visual Studio Solution File, Format Version 12.00
# Visual Studio Version 16
VisualStudioVersion = 16.0.32929.386
MinimumVisualStudioVersion = 10.0.40219.1
Project("{FAE04EC0-301F-11D3-BF4B-00C04F79EFBC}") = "WindowsFormsAppReservation", "WindowsFormsAppReservation\WindowsFormsAppReservation.csproj", "{3540098C-8B46-47BE-AE49-B7599A862D8F}"
EndProject
Global
	GlobalSection(SolutionConfigurationPlatforms) = preSolution
		Debug|Any CPU = Debug|Any CPU
		Release|Any CPU = Release|Any CPU
	EndGlobalSection
	GlobalSection(ProjectConfigurationPlatforms) = postSolution
		{3540098C-8B46-47BE-AE49-B7599A862D8F}.Debug|Any CPU.ActiveCfg = Debug|Any CPU
		{3540098C-8B46-47BE-AE49-B7599A862D8F}.Debug|Any CPU.Build.0 = Debug|Any CPU
		{3540098C-8B46-47BE-AE49-B7599A862D8F}.Release|Any CPU.ActiveCfg = Release|Any CPU
		{3540098C-8B46-47BE-AE49-B7599A862D8F}.Release|Any CPU.Build.0 = Release|Any CPU
	EndGlobalSection
	GlobalSection(SolutionProperties) = preSolution
		HideSolutionNode = FALSE
	EndGlobalSection
	GlobalSection(ExtensibilityGlobals) = postSolution
		SolutionGuid = {087A6AC7-7EC8-4DAE-A1D0-A642BC93246E}
	EndGlobalSection
EndGlobal
