
Microsoft Visual Studio Solution File, Format Version 12.00
# Visual Studio Version 16
VisualStudioVersion = 16.0.32929.386
MinimumVisualStudioVersion = 10.0.40219.1
Project("{FAE04EC0-301F-11D3-BF4B-00C04F79EFBC}") = "WindowsFormsAppS2", "WindowsFormsAppS2\WindowsFormsAppS2.csproj", "{9A4D9963-BF8B-4E8F-82D7-2F6F68EEC22E}"
EndProject
Global
	GlobalSection(SolutionConfigurationPlatforms) = preSolution
		Debug|Any CPU = Debug|Any CPU
		Release|Any CPU = Release|Any CPU
	EndGlobalSection
	GlobalSection(ProjectConfigurationPlatforms) = postSolution
		{9A4D9963-BF8B-4E8F-82D7-2F6F68EEC22E}.Debug|Any CPU.ActiveCfg = Debug|Any CPU
		{9A4D9963-BF8B-4E8F-82D7-2F6F68EEC22E}.Debug|Any CPU.Build.0 = Debug|Any CPU
		{9A4D9963-BF8B-4E8F-82D7-2F6F68EEC22E}.Release|Any CPU.ActiveCfg = Release|Any CPU
		{9A4D9963-BF8B-4E8F-82D7-2F6F68EEC22E}.Release|Any CPU.Build.0 = Release|Any CPU
	EndGlobalSection
	GlobalSection(SolutionProperties) = preSolution
		HideSolutionNode = FALSE
	EndGlobalSection
	GlobalSection(ExtensibilityGlobals) = postSolution
		SolutionGuid = {6B92594B-8AC3-4690-952C-5EAD8D7295E0}
	EndGlobalSection
EndGlobal
