
Microsoft Visual Studio Solution File, Format Version 12.00
# Visual Studio Version 17
VisualStudioVersion = 17.5.33502.453
MinimumVisualStudioVersion = 10.0.40219.1
Project("{FAE04EC0-301F-11D3-BF4B-00C04F79EFBC}") = "projetappmobile", "projetappmobile\projetappmobile.csproj", "{674B7AB3-0F6E-4792-B37D-0F0AE3B64750}"
EndProject
Global
	GlobalSection(SolutionConfigurationPlatforms) = preSolution
		Debug|Any CPU = Debug|Any CPU
		Release|Any CPU = Release|Any CPU
	EndGlobalSection
	GlobalSection(ProjectConfigurationPlatforms) = postSolution
		{674B7AB3-0F6E-4792-B37D-0F0AE3B64750}.Debug|Any CPU.ActiveCfg = Debug|Any CPU
		{674B7AB3-0F6E-4792-B37D-0F0AE3B64750}.Debug|Any CPU.Build.0 = Debug|Any CPU
		{674B7AB3-0F6E-4792-B37D-0F0AE3B64750}.Release|Any CPU.ActiveCfg = Release|Any CPU
		{674B7AB3-0F6E-4792-B37D-0F0AE3B64750}.Release|Any CPU.Build.0 = Release|Any CPU
	EndGlobalSection
	GlobalSection(SolutionProperties) = preSolution
		HideSolutionNode = FALSE
	EndGlobalSection
	GlobalSection(ExtensibilityGlobals) = postSolution
		SolutionGuid = {60B6C80D-C56F-48EE-AD1A-6D69BBDDD07A}
	EndGlobalSection
EndGlobal
